// !$*UTF8*$!
{
	archiveVersion = 1;
	classes = {
	};
	objectVersion = 55;
	objects = {

/* Begin PBXBuildFile section */
		DEA851C1288C838E00F9ED24 /* FilmAramaSwiftUIApp.swift in Sources */ = {isa = PBXBuildFile; fileRef = DEA851C0288C838E00F9ED24 /* FilmAramaSwiftUIApp.swift */; };
		DEA851C3288C838E00F9ED24 /* FilmListeView.swift in Sources */ = {isa = PBXBuildFile; fileRef = DEA851C2288C838E00F9ED24 /* FilmListeView.swift */; };
		DEA851C5288C839100F9ED24 /* Assets.xcassets in Resources */ = {isa = PBXBuildFile; fileRef = DEA851C4288C839100F9ED24 /* Assets.xcassets */; };
		DEA851C8288C839100F9ED24 /* Preview Assets.xcassets in Resources */ = {isa = PBXBuildFile; fileRef = DEA851C7288C839100F9ED24 /* Preview Assets.xcassets */; };
		DEA851D3288C83E200F9ED24 /* Film.swift in Sources */ = {isa = PBXBuildFile; fileRef = DEA851D2288C83E200F9ED24 /* Film.swift */; };
		DEA851D6288C855400F9ED24 /* DownloaderClient.swift in Sources */ = {isa = PBXBuildFile; fileRef = DEA851D5288C855400F9ED24 /* DownloaderClient.swift */; };
		DEA851D8288C89DB00F9ED24 /* FilmViewModel.swift in Sources */ = {isa = PBXBuildFile; fileRef = DEA851D7288C89DB00F9ED24 /* FilmViewModel.swift */; };
/* End PBXBuildFile section */

/* Begin PBXFileReference section */
		DEA851BD288C838E00F9ED24 /* FilmAramaSwiftUI.app */ = {isa = PBXFileReference; explicitFileType = wrapper.application; includeInIndex = 0; path = FilmAramaSwiftUI.app; sourceTree = BUILT_PRODUCTS_DIR; };
		DEA851C0288C838E00F9ED24 /* FilmAramaSwiftUIApp.swift */ = {isa = PBXFileReference; lastKnownFileType = sourcecode.swift; path = FilmAramaSwiftUIApp.swift; sourceTree = "<group>"; };
		DEA851C2288C838E00F9ED24 /* FilmListeView.swift */ = {isa = PBXFileReference; lastKnownFileType = sourcecode.swift; path = FilmListeView.swift; sourceTree = "<group>"; };
		DEA851C4288C839100F9ED24 /* Assets.xcassets */ = {isa = PBXFileReference; lastKnownFileType = folder.assetcatalog; path = Assets.xcassets; sourceTree = "<group>"; };
		DEA851C7288C839100F9ED24 /* Preview Assets.xcassets */ = {isa = PBXFileReference; lastKnownFileType = folder.assetcatalog; path = "Preview Assets.xcassets"; sourceTree = "<group>"; };
		DEA851D2288C83E200F9ED24 /* Film.swift */ = {isa = PBXFileReference; lastKnownFileType = sourcecode.swift; path = Film.swift; sourceTree = "<group>"; };
		DEA851D5288C855400F9ED24 /* DownloaderClient.swift */ = {isa = PBXFileReference; lastKnownFileType = sourcecode.swift; path = DownloaderClient.swift; sourceTree = "<group>"; };
		DEA851D7288C89DB00F9ED24 /* FilmViewModel.swift */ = {isa = PBXFileReference; lastKnownFileType = sourcecode.swift; path = FilmViewModel.swift; sourceTree = "<group>"; };
/* End PBXFileReference section */

/* Begin PBXFrameworksBuildPhase section */
		DEA851BA288C838E00F9ED24 /* Frameworks */ = {
			isa = PBXFrameworksBuildPhase;
			buildActionMask = 2147483647;
			files = (
			);
			runOnlyForDeploymentPostprocessing = 0;
		};
/* End PBXFrameworksBuildPhase section */

/* Begin PBXGroup section */
		DEA851B4288C838E00F9ED24 = {
			isa = PBXGroup;
			children = (
				DEA851BF288C838E00F9ED24 /* FilmAramaSwiftUI */,
				DEA851BE288C838E00F9ED24 /* Products */,
			);
			sourceTree = "<group>";
		};
		DEA851BE288C838E00F9ED24 /* Products */ = {
			isa = PBXGroup;
			children = (
				DEA851BD288C838E00F9ED24 /* FilmAramaSwiftUI.app */,
			);
			name = Products;
			sourceTree = "<group>";
		};
		DEA851BF288C838E00F9ED24 /* FilmAramaSwiftUI */ = {
			isa = PBXGroup;
			children = (
				DEA851D1288C83CE00F9ED24 /* App */,
				DEA851D0288C83C800F9ED24 /* View */,
				DEA851CF288C83C300F9ED24 /* ViewModel */,
				DEA851CE288C83B400F9ED24 /* Model */,
				DEA851C4288C839100F9ED24 /* Assets.xcassets */,
				DEA851C6288C839100F9ED24 /* Preview Content */,
			);
			path = FilmAramaSwiftUI;
			sourceTree = "<group>";
		};
		DEA851C6288C839100F9ED24 /* Preview Content */ = {
			isa = PBXGroup;
			children = (
				DEA851C7288C839100F9ED24 /* Preview Assets.xcassets */,
			);
			path = "Preview Content";
			sourceTree = "<group>";
		};
		DEA851CE288C83B400F9ED24 /* Model */ = {
			isa = PBXGroup;
			children = (
				DEA851D2288C83E200F9ED24 /* Film.swift */,
				DEA851D4288C851700F9ED24 /* Service */,
			);
			path = Model;
			sourceTree = "<group>";
		};
		DEA851CF288C83C300F9ED24 /* ViewModel */ = {
			isa = PBXGroup;
			children = (
				DEA851D7288C89DB00F9ED24 /* FilmViewModel.swift */,
			);
			path = ViewModel;
			sourceTree = "<group>";
		};
		DEA851D0288C83C800F9ED24 /* View */ = {
			isa = PBXGroup;
			children = (
				DEA851C2288C838E00F9ED24 /* FilmListeView.swift */,
			);
			path = View;
			sourceTree = "<group>";
		};
		DEA851D1288C83CE00F9ED24 /* App */ = {
			isa = PBXGroup;
			children = (
				DEA851C0288C838E00F9ED24 /* FilmAramaSwiftUIApp.swift */,
			);
			path = App;
			sourceTree = "<group>";
		};
		DEA851D4288C851700F9ED24 /* Service */ = {
			isa = PBXGroup;
			children = (
				DEA851D5288C855400F9ED24 /* DownloaderClient.swift */,
			);
			path = Service;
			sourceTree = "<group>";
		};
/* End PBXGroup section */

/* Begin PBXNativeTarget section */
		DEA851BC288C838E00F9ED24 /* FilmAramaSwiftUI */ = {
			isa = PBXNativeTarget;
			buildConfigurationList = DEA851CB288C839100F9ED24 /* Build configuration list for PBXNativeTarget "FilmAramaSwiftUI" */;
			buildPhases = (
				DEA851B9288C838E00F9ED24 /* Sources */,
				DEA851BA288C838E00F9ED24 /* Frameworks */,
				DEA851BB288C838E00F9ED24 /* Resources */,
			);
			buildRules = (
			);
			dependencies = (
			);
			name = FilmAramaSwiftUI;
			productName = FilmAramaSwiftUI;
			productReference = DEA851BD288C838E00F9ED24 /* FilmAramaSwiftUI.app */;
			productType = "com.apple.product-type.application";
		};
/* End PBXNativeTarget section */

/* Begin PBXProject section */
		DEA851B5288C838E00F9ED24 /* Project object */ = {
			isa = PBXProject;
			attributes = {
				BuildIndependentTargetsInParallel = 1;
				LastSwiftUpdateCheck = 1340;
				LastUpgradeCheck = 1340;
				TargetAttributes = {
					DEA851BC288C838E00F9ED24 = {
						CreatedOnToolsVersion = 13.4.1;
					};
				};
			};
			buildConfigurationList = DEA851B8288C838E00F9ED24 /* Build configuration list for PBXProject "FilmAramaSwiftUI" */;
			compatibilityVersion = "Xcode 13.0";
			developmentRegion = en;
			hasScannedForEncodings = 0;
			knownRegions = (
				en,
				Base,
			);
			mainGroup = DEA851B4288C838E00F9ED24;
			productRefGroup = DEA851BE288C838E00F9ED24 /* Products */;
			projectDirPath = "";
			projectRoot = "";
			targets = (
				DEA851BC288C838E00F9ED24 /* FilmAramaSwiftUI */,
			);
		};
/* End PBXProject section */

/* Begin PBXResourcesBuildPhase section */
		DEA851BB288C838E00F9ED24 /* Resources */ = {
			isa = PBXResourcesBuildPhase;
			buildActionMask = 2147483647;
			files = (
				DEA851C8288C839100F9ED24 /* Preview Assets.xcassets in Resources */,
				DEA851C5288C839100F9ED24 /* Assets.xcassets in Resources */,
			);
			runOnlyForDeploymentPostprocessing = 0;
		};
/* End PBXResourcesBuildPhase section */

/* Begin PBXSourcesBuildPhase section */
		DEA851B9288C838E00F9ED24 /* Sources */ = {
			isa = PBXSourcesBuildPhase;
			buildActionMask = 2147483647;
			files = (
				DEA851C3288C838E00F9ED24 /* FilmListeView.swift in Sources */,
				DEA851D3288C83E200F9ED24 /* Film.swift in Sources */,
				DEA851D8288C89DB00F9ED24 /* FilmViewModel.swift in Sources */,
				DEA851C1288C838E00F9ED24 /* FilmAramaSwiftUIApp.swift in Sources */,
				DEA851D6288C855400F9ED24 /* DownloaderClient.swift in Sources */,
			);
			runOnlyForDeploymentPostprocessing = 0;
		};
/* End PBXSourcesBuildPhase section */

/* Begin XCBuildConfiguration section */
		DEA851C9288C839100F9ED24 /* Debug */ = {
			isa = XCBuildConfiguration;
			buildSettings = {
				ALWAYS_SEARCH_USER_PATHS = NO;
				CLANG_ANALYZER_NONNULL = YES;
				CLANG_ANALYZER_NUMBER_OBJECT_CONVERSION = YES_AGGRESSIVE;
				CLANG_CXX_LANGUAGE_STANDARD = "gnu++17";
				CLANG_ENABLE_MODULES = YES;
				CLANG_ENABLE_OBJC_ARC = YES;
				CLANG_ENABLE_OBJC_WEAK = YES;
				CLANG_WARN_BLOCK_CAPTURE_AUTORELEASING = YES;
				CLANG_WARN_BOOL_CONVERSION = YES;
				CLANG_WARN_COMMA = YES;
				CLANG_WARN_CONSTANT_CONVERSION = YES;
				CLANG_WARN_DEPRECATED_OBJC_IMPLEMENTATIONS = YES;
				CLANG_WARN_DIRECT_OBJC_ISA_USAGE = YES_ERROR;
				CLANG_WARN_DOCUMENTATION_COMMENTS = YES;
				CLANG_WARN_EMPTY_BODY = YES;
				CLANG_WARN_ENUM_CONVERSION = YES;
				CLANG_WARN_INFINITE_RECURSION = YES;
				CLANG_WARN_INT_CONVERSION = YES;
				CLANG_WARN_NON_LITERAL_NULL_CONVERSION = YES;
				CLANG_WARN_OBJC_IMPLICIT_RETAIN_SELF = YES;
				CLANG_WARN_OBJC_LITERAL_CONVERSION = YES;
				CLANG_WARN_OBJC_ROOT_CLASS = YES_ERROR;
				CLANG_WARN_QUOTED_INCLUDE_IN_FRAMEWORK_HEADER = YES;
				CLANG_WARN_RANGE_LOOP_ANALYSIS = YES;
				CLANG_WARN_STRICT_PROTOTYPES = YES;
				CLANG_WARN_SUSPICIOUS_MOVE = YES;
				CLANG_WARN_UNGUARDED_AVAILABILITY = YES_AGGRESSIVE;
				CLANG_WARN_UNREACHABLE_CODE = YES;
				CLANG_WARN__DUPLICATE_METHOD_MATCH = YES;
				COPY_PHASE_STRIP = NO;
				DEBUG_INFORMATION_FORMAT = dwarf;
				ENABLE_STRICT_OBJC_MSGSEND = YES;
				ENABLE_TESTABILITY = YES;
				GCC_C_LANGUAGE_STANDARD = gnu11;
				GCC_DYNAMIC_NO_PIC = NO;
				GCC_NO_COMMON_BLOCKS = YES;
				GCC_OPTIMIZATION_LEVEL = 0;
				GCC_PREPROCESSOR_DEFINITIONS = (
					"DEBUG=1",
					"$(inherited)",
				);
				GCC_WARN_64_TO_32_BIT_CONVERSION = YES;
				GCC_WARN_ABOUT_RETURN_TYPE = YES_ERROR;
				GCC_WARN_UNDECLARED_SELECTOR = YES;
				GCC_WARN_UNINITIALIZED_AUTOS = YES_AGGRESSIVE;
				GCC_WARN_UNUSED_FUNCTION = YES;
				GCC_WARN_UNUSED_VARIABLE = YES;
				IPHONEOS_DEPLOYMENT_TARGET = 15.5;
				MTL_ENABLE_DEBUG_INFO = INCLUDE_SOURCE;
				MTL_FAST_MATH = YES;
				ONLY_ACTIVE_ARCH = YES;
				SDKROOT = iphoneos;
				SWIFT_ACTIVE_COMPILATION_CONDITIONS = DEBUG;
				SWIFT_OPTIMIZATION_LEVEL = "-Onone";
			};
			name = Debug;
		};
		DEA851CA288C839100F9ED24 /* Release */ = {
			isa = XCBuildConfiguration;
			buildSettings = {
				ALWAYS_SEARCH_USER_PATHS = NO;
				CLANG_ANALYZER_NONNULL = YES;
				CLANG_ANALYZER_NUMBER_OBJECT_CONVERSION = YES_AGGRESSIVE;
				CLANG_CXX_LANGUAGE_STANDARD = "gnu++17";
				CLANG_ENABLE_MODULES = YES;
				CLANG_ENABLE_OBJC_ARC = YES;
				CLANG_ENABLE_OBJC_WEAK = YES;
				CLANG_WARN_BLOCK_CAPTURE_AUTORELEASING = YES;
				CLANG_WARN_BOOL_CONVERSION = YES;
				CLANG_WARN_COMMA = YES;
				CLANG_WARN_CONSTANT_CONVERSION = YES;
				CLANG_WARN_DEPRECATED_OBJC_IMPLEMENTATIONS = YES;
				CLANG_WARN_DIRECT_OBJC_ISA_USAGE = YES_ERROR;
				CLANG_WARN_DOCUMENTATION_COMMENTS = YES;
				CLANG_WARN_EMPTY_BODY = YES;
				CLANG_WARN_ENUM_CONVERSION = YES;
				CLANG_WARN_INFINITE_RECURSION = YES;
				CLANG_WARN_INT_CONVERSION = YES;
				CLANG_WARN_NON_LITERAL_NULL_CONVERSION = YES;
				CLANG_WARN_OBJC_IMPLICIT_RETAIN_SELF = YES;
				CLANG_WARN_OBJC_LITERAL_CONVERSION = YES;
				CLANG_WARN_OBJC_ROOT_CLASS = YES_ERROR;
				CLANG_WARN_QUOTED_INCLUDE_IN_FRAMEWORK_HEADER = YES;
				CLANG_WARN_RANGE_LOOP_ANALYSIS = YES;
				CLANG_WARN_STRICT_PROTOTYPES = YES;
				CLANG_WARN_SUSPICIOUS_MOVE = YES;
				CLANG_WARN_UNGUARDED_AVAILABILITY = YES_AGGRESSIVE;
				CLANG_WARN_UNREACHABLE_CODE = YES;
				CLANG_WARN__DUPLICATE_METHOD_MATCH = YES;
				COPY_PHASE_STRIP = NO;
				DEBUG_INFORMATION_FORMAT = "dwarf-with-dsym";
				ENABLE_NS_ASSERTIONS = NO;
				ENABLE_STRICT_OBJC_MSGSEND = YES;
				GCC_C_LANGUAGE_STANDARD = gnu11;
				GCC_NO_COMMON_BLOCKS = YES;
				GCC_WARN_64_TO_32_BIT_CONVERSION = YES;
				GCC_WARN_ABOUT_RETURN_TYPE = YES_ERROR;
				GCC_WARN_UNDECLARED_SELECTOR = YES;
				GCC_WARN_UNINITIALIZED_AUTOS = YES_AGGRESSIVE;
				GCC_WARN_UNUSED_FUNCTION = YES;
				GCC_WARN_UNUSED_VARIABLE = YES;
				IPHONEOS_DEPLOYMENT_TARGET = 15.5;
				MTL_ENABLE_DEBUG_INFO = NO;
				MTL_FAST_MATH = YES;
				SDKROOT = iphoneos;
				SWIFT_COMPILATION_MODE = wholemodule;
				SWIFT_OPTIMIZATION_LEVEL = "-O";
				VALIDATE_PRODUCT = YES;
			};
			name = Release;
		};
		DEA851CC288C839100F9ED24 /* Debug */ = {
			isa = XCBuildConfiguration;
			buildSettings = {
				ASSETCATALOG_COMPILER_APPICON_NAME = AppIcon;
				ASSETCATALOG_COMPILER_GLOBAL_ACCENT_COLOR_NAME = AccentColor;
				CODE_SIGN_STYLE = Automatic;
				CURRENT_PROJECT_VERSION = 1;
				DEVELOPMENT_ASSET_PATHS = "\"FilmAramaSwiftUI/Preview Content\"";
				DEVELOPMENT_TEAM = 7CRNJ953YN;
				ENABLE_PREVIEWS = YES;
				GENERATE_INFOPLIST_FILE = YES;
				INFOPLIST_KEY_UIApplicationSceneManifest_Generation = YES;
				INFOPLIST_KEY_UIApplicationSupportsIndirectInputEvents = YES;
				INFOPLIST_KEY_UILaunchScreen_Generation = YES;
				INFOPLIST_KEY_UISupportedInterfaceOrientations_iPad = "UIInterfaceOrientationPortrait UIInterfaceOrientationPortraitUpsideDown UIInterfaceOrientationLandscapeLeft UIInterfaceOrientationLandscapeRight";
				INFOPLIST_KEY_UISupportedInterfaceOrientations_iPhone = "UIInterfaceOrientationPortrait UIInterfaceOrientationLandscapeLeft UIInterfaceOrientationLandscapeRight";
				LD_RUNPATH_SEARCH_PATHS = (
					"$(inherited)",
					"@executable_path/Frameworks",
				);
				MARKETING_VERSION = 1.0;
				PRODUCT_BUNDLE_IDENTIFIER = com.omerKilicaslan.FilmAramaSwiftUI;
				PRODUCT_NAME = "$(TARGET_NAME)";
				SWIFT_EMIT_LOC_STRINGS = YES;
				SWIFT_VERSION = 5.0;
				TARGETED_DEVICE_FAMILY = "1,2";
			};
			name = Debug;
		};
		DEA851CD288C839100F9ED24 /* Release */ = {
			isa = XCBuildConfiguration;
			buildSettings = {
				ASSETCATALOG_COMPILER_APPICON_NAME = AppIcon;
				ASSETCATALOG_COMPILER_GLOBAL_ACCENT_COLOR_NAME = AccentColor;
				CODE_SIGN_STYLE = Automatic;
				CURRENT_PROJECT_VERSION = 1;
				DEVELOPMENT_ASSET_PATHS = "\"FilmAramaSwiftUI/Preview Content\"";
				DEVELOPMENT_TEAM = 7CRNJ953YN;
				ENABLE_PREVIEWS = YES;
				GENERATE_INFOPLIST_FILE = YES;
				INFOPLIST_KEY_UIApplicationSceneManifest_Generation = YES;
				INFOPLIST_KEY_UIApplicationSupportsIndirectInputEvents = YES;
				INFOPLIST_KEY_UILaunchScreen_Generation = YES;
				INFOPLIST_KEY_UISupportedInterfaceOrientations_iPad = "UIInterfaceOrientationPortrait UIInterfaceOrientationPortraitUpsideDown UIInterfaceOrientationLandscapeLeft UIInterfaceOrientationLandscapeRight";
				INFOPLIST_KEY_UISupportedInterfaceOrientations_iPhone = "UIInterfaceOrientationPortrait UIInterfaceOrientationLandscapeLeft UIInterfaceOrientationLandscapeRight";
				LD_RUNPATH_SEARCH_PATHS = (
					"$(inherited)",
					"@executable_path/Frameworks",
				);
				MARKETING_VERSION = 1.0;
				PRODUCT_BUNDLE_IDENTIFIER = com.omerKilicaslan.FilmAramaSwiftUI;
				PRODUCT_NAME = "$(TARGET_NAME)";
				SWIFT_EMIT_LOC_STRINGS = YES;
				SWIFT_VERSION = 5.0;
				TARGETED_DEVICE_FAMILY = "1,2";
			};
			name = Release;
		};
/* End XCBuildConfiguration section */

/* Begin XCConfigurationList section */
		DEA851B8288C838E00F9ED24 /* Build configuration list for PBXProject "FilmAramaSwiftUI" */ = {
			isa = XCConfigurationList;
			buildConfigurations = (
				DEA851C9288C839100F9ED24 /* Debug */,
				DEA851CA288C839100F9ED24 /* Release */,
			);
			defaultConfigurationIsVisible = 0;
			defaultConfigurationName = Release;
		};
		DEA851CB288C839100F9ED24 /* Build configuration list for PBXNativeTarget "FilmAramaSwiftUI" */ = {
			isa = XCConfigurationList;
			buildConfigurations = (
				DEA851CC288C839100F9ED24 /* Debug */,
				DEA851CD288C839100F9ED24 /* Release */,
			);
			defaultConfigurationIsVisible = 0;
			defaultConfigurationName = Release;
		};
/* End XCConfigurationList section */
	};
	rootObject = DEA851B5288C838E00F9ED24 /* Project object */;
}
